{
  "name": "test-package",
  "version": "0.0.1",
  "lockfileVersion": 1,
  "requires": true,
  "dependencies": {
    "cannon": {
      "version": "github:donmccurdy/cannon.js#022e8ba53fa83abf0ad8a0e4fd08623123838a17",
      "from": "github:donmccurdy/cannon.js#v0.6.2-dev1"
    },
    "dependency-with-tag": {
      "version": "github:infinitelee/dependency-with-tag#0b626aeb8a03def40487579f13610aaa487105b0",
      "from": "github:infinitelee/dependency-with-tag#tag0.1"
    }
  }
}
