{
  "name": "test-package",
  "version": "0.0.1",
  "lockfileVersion": 1,
  "requires": true,
  "dependencies": {
    "dependency-with-tag": {
      "version": "github:infinitelee/dependency-with-tag#0b626aeb8a03def40487579f13610aaa487105b0",
      "from": "github:infinitelee/dependency-with-tag#tag0.1"
    }
  }
}
